<?xml version="1.0" encoding="utf-8"?>
<Project ToolsVersion="4.0" xmlns="http://schemas.microsoft.com/developer/msbuild/2003">
  <ItemGroup>
    <Filter Include="Generated Files">
      <UniqueIdentifier>{71ED8ED8-ACB9-4CE9-BBE1-E00B30144E11}</UniqueIdentifier>
      <Extensions>cpp;c;cxx;moc;h;def;odl;idl;res;</Extensions>
    </Filter>
    <Filter Include="Generated Files">
      <UniqueIdentifier>{71ED8ED8-ACB9-4CE9-BBE1-E00B30144E11}</UniqueIdentifier>
      <Extensions>cpp;c;cxx;moc;h;def;odl;idl;res;</Extensions>
    </Filter>
    <Filter Include="Header Files">
      <UniqueIdentifier>{93995380-89BD-4b04-88EB-625FBE52EBFB}</UniqueIdentifier>
      <Extensions>h;hpp;hxx;hm;inl;inc;xsd</Extensions>
    </Filter>
    <Filter Include="Header Files">
      <UniqueIdentifier>{93995380-89BD-4b04-88EB-625FBE52EBFB}</UniqueIdentifier>
      <Extensions>h;hpp;hxx;hm;inl;inc;xsd</Extensions>
    </Filter>
    <Filter Include="Resource Files">
      <UniqueIdentifier>{D9D6E242-F8AF-46E4-B9FD-80ECBC20BA3E}</UniqueIdentifier>
      <Extensions>qrc;*</Extensions>
      <ParseFiles>false</ParseFiles>
    </Filter>
    <Filter Include="Resource Files">
      <UniqueIdentifier>{D9D6E242-F8AF-46E4-B9FD-80ECBC20BA3E}</UniqueIdentifier>
      <Extensions>qrc;*</Extensions>
      <ParseFiles>false</ParseFiles>
    </Filter>
    <Filter Include="Source Files">
      <UniqueIdentifier>{4FC737F1-C7A5-4376-A066-2A32D752A2FF}</UniqueIdentifier>
      <Extensions>cpp;c;cxx;def;odl;idl;hpj;bat;asm;asmx</Extensions>
    </Filter>
    <Filter Include="Source Files">
      <UniqueIdentifier>{4FC737F1-C7A5-4376-A066-2A32D752A2FF}</UniqueIdentifier>
      <Extensions>cpp;c;cxx;def;odl;idl;hpj;bat;asm;asmx</Extensions>
    </Filter>
    <Filter Include="Generated Files\Release">
      <UniqueIdentifier>{b818495b-1cc3-457a-ba0f-aa02ccefcee9}</UniqueIdentifier>
      <Extensions>cpp;moc</Extensions>
      <SourceControlFiles>False</SourceControlFiles>
    </Filter>
    <Filter Include="Generated Files\Debug">
      <UniqueIdentifier>{09ba850a-dc6a-4225-8e72-9b9f5bab1791}</UniqueIdentifier>
      <Extensions>cpp;moc</Extensions>
      <SourceControlFiles>False</SourceControlFiles>
    </Filter>
  </ItemGroup>
  <ItemGroup>
    <ClCompile Include="items\BezierCurve.cpp">
      <Filter>Source Files</Filter>
    </ClCompile>
    <ClCompile Include="items\Block.cpp">
      <Filter>Source Files</Filter>
    </ClCompile>
    <ClCompile Include="items\BlockInlet.cpp">
      <Filter>Source Files</Filter>
    </ClCompile>
    <ClCompile Include="items\BlockOutlet.cpp">
      <Filter>Source Files</Filter>
    </ClCompile>
    <ClCompile Include="items\Canvas.cpp">
      <Filter>Source Files</Filter>
    </ClCompile>
    <ClCompile Include="items\Circle.cpp">
      <Filter>Source Files</Filter>
    </ClCompile>
    <ClCompile Include="system\ComplexDelegate.cpp">
      <Filter>Source Files</Filter>
    </ClCompile>
    <ClCompile Include="system\ConnectionManager.cpp">
      <Filter>Source Files</Filter>
    </ClCompile>
    <ClCompile Include="models\DockModel.cpp">
      <Filter>Source Files</Filter>
    </ClCompile>
    <ClCompile Include="system\EventFilter.cpp">
      <Filter>Source Files</Filter>
    </ClCompile>
    <ClCompile Include="system\FileLoader.cpp">
      <Filter>Source Files</Filter>
    </ClCompile>
    <ClCompile Include="items\Image.cpp">
      <Filter>Source Files</Filter>
    </ClCompile>
    <ClCompile Include="items\Inlet.cpp">
      <Filter>Source Files</Filter>
    </ClCompile>
    <ClCompile Include="models\InletObjectListModel.cpp">
      <Filter>Source Files</Filter>
    </ClCompile>
    <ClCompile Include="items\InterfaceElement.cpp">
      <Filter>Source Files</Filter>
    </ClCompile>
    <ClCompile Include="items\InterfaceInlet.cpp">
      <Filter>Source Files</Filter>
    </ClCompile>
    <ClCompile Include="items\InterfaceOutlet.cpp">
      <Filter>Source Files</Filter>
    </ClCompile>
    <ClCompile Include="items\Item.cpp">
      <Filter>Source Files</Filter>
    </ClCompile>
    <ClCompile Include="models\ItemObjectListModel.cpp">
      <Filter>Source Files</Filter>
    </ClCompile>
    <ClCompile Include="items\Link.cpp">
      <Filter>Source Files</Filter>
    </ClCompile>
    <ClCompile Include="items\Outlet.cpp">
      <Filter>Source Files</Filter>
    </ClCompile>
    <ClCompile Include="models\OutletObjectListModel.cpp">
      <Filter>Source Files</Filter>
    </ClCompile>
    <ClCompile Include="items\PixelView.cpp">
      <Filter>Source Files</Filter>
    </ClCompile>
    <ClCompile Include="models\QObjectListModel.cpp">
      <Filter>Source Files</Filter>
    </ClCompile>
    <ClCompile Include="items\Slider.cpp">
      <Filter>Source Files</Filter>
    </ClCompile>
    <ClCompile Include="models\StringModel.cpp">
      <Filter>Source Files</Filter>
    </ClCompile>
    <ClCompile Include="items\StringObject.cpp">
      <Filter>Source Files</Filter>
    </ClCompile>
    <ClCompile Include="system\System.cpp">
      <Filter>Source Files</Filter>
    </ClCompile>
    <ClCompile Include="items\TextIO.cpp">
      <Filter>Source Files</Filter>
    </ClCompile>
    <ClCompile Include="items\UberTexture.cpp">
      <Filter>Source Files</Filter>
    </ClCompile>
    <ClCompile Include="items\Workbench.cpp">
      <Filter>Source Files</Filter>
    </ClCompile>
    <ClCompile Include="main.cpp">
      <Filter>Source Files</Filter>
    </ClCompile>
    <ClCompile Include="qtquick2applicationviewer\qtquick2applicationviewer.cpp">
      <Filter>Source Files</Filter>
    </ClCompile>
    <ClCompile Include="Release\moc_BezierCurve.cpp">
      <Filter>Generated Files\Release</Filter>
    </ClCompile>
    <ClCompile Include="Debug\moc_BezierCurve.cpp">
      <Filter>Generated Files\Debug</Filter>
    </ClCompile>
    <ClCompile Include="Release\moc_Block.cpp">
      <Filter>Generated Files\Release</Filter>
    </ClCompile>
    <ClCompile Include="Debug\moc_Block.cpp">
      <Filter>Generated Files\Debug</Filter>
    </ClCompile>
    <ClCompile Include="Release\moc_BlockInlet.cpp">
      <Filter>Generated Files\Release</Filter>
    </ClCompile>
    <ClCompile Include="Debug\moc_BlockInlet.cpp">
      <Filter>Generated Files\Debug</Filter>
    </ClCompile>
    <ClCompile Include="Release\moc_BlockOutlet.cpp">
      <Filter>Generated Files\Release</Filter>
    </ClCompile>
    <ClCompile Include="Debug\moc_BlockOutlet.cpp">
      <Filter>Generated Files\Debug</Filter>
    </ClCompile>
    <ClCompile Include="Release\moc_Canvas.cpp">
      <Filter>Generated Files\Release</Filter>
    </ClCompile>
    <ClCompile Include="Debug\moc_Canvas.cpp">
      <Filter>Generated Files\Debug</Filter>
    </ClCompile>
    <ClCompile Include="Release\moc_Circle.cpp">
      <Filter>Generated Files\Release</Filter>
    </ClCompile>
    <ClCompile Include="Debug\moc_Circle.cpp">
      <Filter>Generated Files\Debug</Filter>
    </ClCompile>
    <ClCompile Include="Release\moc_ComplexDelegate.cpp">
      <Filter>Generated Files\Release</Filter>
    </ClCompile>
    <ClCompile Include="Debug\moc_ComplexDelegate.cpp">
      <Filter>Generated Files\Debug</Filter>
    </ClCompile>
    <ClCompile Include="Release\moc_ConnectionManager.cpp">
      <Filter>Generated Files\Release</Filter>
    </ClCompile>
    <ClCompile Include="Debug\moc_ConnectionManager.cpp">
      <Filter>Generated Files\Debug</Filter>
    </ClCompile>
    <ClCompile Include="Release\moc_DockModel.cpp">
      <Filter>Generated Files\Release</Filter>
    </ClCompile>
    <ClCompile Include="Debug\moc_DockModel.cpp">
      <Filter>Generated Files\Debug</Filter>
    </ClCompile>
    <ClCompile Include="Release\moc_EventFilter.cpp">
      <Filter>Generated Files\Release</Filter>
    </ClCompile>
    <ClCompile Include="Debug\moc_EventFilter.cpp">
      <Filter>Generated Files\Debug</Filter>
    </ClCompile>
    <ClCompile Include="Release\moc_FileLoader.cpp">
      <Filter>Generated Files\Release</Filter>
    </ClCompile>
    <ClCompile Include="Debug\moc_FileLoader.cpp">
      <Filter>Generated Files\Debug</Filter>
    </ClCompile>
    <ClCompile Include="Release\moc_Image.cpp">
      <Filter>Generated Files\Release</Filter>
    </ClCompile>
    <ClCompile Include="Debug\moc_Image.cpp">
      <Filter>Generated Files\Debug</Filter>
    </ClCompile>
    <ClCompile Include="Release\moc_Inlet.cpp">
      <Filter>Generated Files\Release</Filter>
    </ClCompile>
    <ClCompile Include="Debug\moc_Inlet.cpp">
      <Filter>Generated Files\Debug</Filter>
    </ClCompile>
    <ClCompile Include="Release\moc_InletObjectListModel.cpp">
      <Filter>Generated Files\Release</Filter>
    </ClCompile>
    <ClCompile Include="Debug\moc_InletObjectListModel.cpp">
      <Filter>Generated Files\Debug</Filter>
    </ClCompile>
    <ClCompile Include="Release\moc_InterfaceElement.cpp">
      <Filter>Generated Files\Release</Filter>
    </ClCompile>
    <ClCompile Include="Debug\moc_InterfaceElement.cpp">
      <Filter>Generated Files\Debug</Filter>
    </ClCompile>
    <ClCompile Include="Release\moc_InterfaceInlet.cpp">
      <Filter>Generated Files\Release</Filter>
    </ClCompile>
    <ClCompile Include="Debug\moc_InterfaceInlet.cpp">
      <Filter>Generated Files\Debug</Filter>
    </ClCompile>
    <ClCompile Include="Release\moc_InterfaceOutlet.cpp">
      <Filter>Generated Files\Release</Filter>
    </ClCompile>
    <ClCompile Include="Debug\moc_InterfaceOutlet.cpp">
      <Filter>Generated Files\Debug</Filter>
    </ClCompile>
    <ClCompile Include="Release\moc_Item.cpp">
      <Filter>Generated Files\Release</Filter>
    </ClCompile>
    <ClCompile Include="Debug\moc_Item.cpp">
      <Filter>Generated Files\Debug</Filter>
    </ClCompile>
    <ClCompile Include="Release\moc_Link.cpp">
      <Filter>Generated Files\Release</Filter>
    </ClCompile>
    <ClCompile Include="Debug\moc_Link.cpp">
      <Filter>Generated Files\Debug</Filter>
    </ClCompile>
    <ClCompile Include="Release\moc_Outlet.cpp">
      <Filter>Generated Files\Release</Filter>
    </ClCompile>
    <ClCompile Include="Debug\moc_Outlet.cpp">
      <Filter>Generated Files\Debug</Filter>
    </ClCompile>
    <ClCompile Include="Release\moc_OutletObjectListModel.cpp">
      <Filter>Generated Files\Release</Filter>
    </ClCompile>
    <ClCompile Include="Debug\moc_OutletObjectListModel.cpp">
      <Filter>Generated Files\Debug</Filter>
    </ClCompile>
    <ClCompile Include="Release\moc_PixelView.cpp">
      <Filter>Generated Files\Release</Filter>
    </ClCompile>
    <ClCompile Include="Debug\moc_PixelView.cpp">
      <Filter>Generated Files\Debug</Filter>
    </ClCompile>
    <ClCompile Include="Release\moc_QObjectListModel.cpp">
      <Filter>Generated Files\Release</Filter>
    </ClCompile>
    <ClCompile Include="Debug\moc_QObjectListModel.cpp">
      <Filter>Generated Files\Debug</Filter>
    </ClCompile>
    <ClCompile Include="Release\moc_QObjectListModelT.cpp">
      <Filter>Generated Files\Release</Filter>
    </ClCompile>
    <ClCompile Include="Debug\moc_QObjectListModelT.cpp">
      <Filter>Generated Files\Debug</Filter>
    </ClCompile>
    <ClCompile Include="Release\moc_Slider.cpp">
      <Filter>Generated Files\Release</Filter>
    </ClCompile>
    <ClCompile Include="Debug\moc_Slider.cpp">
      <Filter>Generated Files\Debug</Filter>
    </ClCompile>
    <ClCompile Include="Release\moc_StringModel.cpp">
      <Filter>Generated Files\Release</Filter>
    </ClCompile>
    <ClCompile Include="Debug\moc_StringModel.cpp">
      <Filter>Generated Files\Debug</Filter>
    </ClCompile>
    <ClCompile Include="Release\moc_StringObject.cpp">
      <Filter>Generated Files\Release</Filter>
    </ClCompile>
    <ClCompile Include="Debug\moc_StringObject.cpp">
      <Filter>Generated Files\Debug</Filter>
    </ClCompile>
    <ClCompile Include="Release\moc_System.cpp">
      <Filter>Generated Files\Release</Filter>
    </ClCompile>
    <ClCompile Include="Debug\moc_System.cpp">
      <Filter>Generated Files\Debug</Filter>
    </ClCompile>
    <ClCompile Include="Release\moc_TextIO.cpp">
      <Filter>Generated Files\Release</Filter>
    </ClCompile>
    <ClCompile Include="Debug\moc_TextIO.cpp">
      <Filter>Generated Files\Debug</Filter>
    </ClCompile>
    <ClCompile Include="Release\moc_UberTexture.cpp">
      <Filter>Generated Files\Release</Filter>
    </ClCompile>
    <ClCompile Include="Debug\moc_UberTexture.cpp">
      <Filter>Generated Files\Debug</Filter>
    </ClCompile>
    <ClCompile Include="Release\moc_Workbench.cpp">
      <Filter>Generated Files\Release</Filter>
    </ClCompile>
    <ClCompile Include="Debug\moc_Workbench.cpp">
      <Filter>Generated Files\Debug</Filter>
    </ClCompile>
    <ClCompile Include="Release\moc_qtquick2applicationviewer.cpp">
      <Filter>Generated Files\Release</Filter>
    </ClCompile>
    <ClCompile Include="Debug\moc_qtquick2applicationviewer.cpp">
      <Filter>Generated Files\Debug</Filter>
    </ClCompile>
    <ClCompile Include="GeneratedFiles\qrc_uberquick.cpp">
      <Filter>Generated Files</Filter>
    </ClCompile>
  </ItemGroup>
  <ItemGroup>
    <CustomBuild Include="items\BezierCurve.h">
      <Filter>Header Files</Filter>
    </CustomBuild>
    <CustomBuild Include="items\Block.h">
      <Filter>Header Files</Filter>
    </CustomBuild>
    <CustomBuild Include="items\BlockInlet.h">
      <Filter>Header Files</Filter>
    </CustomBuild>
    <CustomBuild Include="items\BlockOutlet.h">
      <Filter>Header Files</Filter>
    </CustomBuild>
    <CustomBuild Include="items\Canvas.h">
      <Filter>Header Files</Filter>
    </CustomBuild>
    <CustomBuild Include="items\Circle.h">
      <Filter>Header Files</Filter>
    </CustomBuild>
    <CustomBuild Include="system\ComplexDelegate.h">
      <Filter>Header Files</Filter>
    </CustomBuild>
    <CustomBuild Include="system\ConnectionManager.h">
      <Filter>Header Files</Filter>
    </CustomBuild>
    <ClInclude Include="system\Converter.h">
      <Filter>Header Files</Filter>
    </ClInclude>
    <ClInclude Include="system\ConverterFromDescription.h">
      <Filter>Header Files</Filter>
    </ClInclude>
    <ClInclude Include="system\Converter_T.h">
      <Filter>Header Files</Filter>
    </ClInclude>
    <CustomBuild Include="models\DockModel.h">
      <Filter>Header Files</Filter>
    </CustomBuild>
    <CustomBuild Include="system\EventFilter.h">
      <Filter>Header Files</Filter>
    </CustomBuild>
    <CustomBuild Include="system\FileLoader.h">
      <Filter>Header Files</Filter>
    </CustomBuild>
    <CustomBuild Include="items\Image.h">
      <Filter>Header Files</Filter>
    </CustomBuild>
    <CustomBuild Include="items\Inlet.h">
      <Filter>Header Files</Filter>
    </CustomBuild>
    <CustomBuild Include="models\InletObjectListModel.h">
      <Filter>Header Files</Filter>
    </CustomBuild>
    <CustomBuild Include="items\InterfaceElement.h">
      <Filter>Header Files</Filter>
    </CustomBuild>
    <CustomBuild Include="items\InterfaceInlet.h">
      <Filter>Header Files</Filter>
    </CustomBuild>
    <CustomBuild Include="items\InterfaceOutlet.h">
      <Filter>Header Files</Filter>
    </CustomBuild>
    <CustomBuild Include="items\Item.h">
      <Filter>Header Files</Filter>
    </CustomBuild>
    <ClInclude Include="models\ItemObjectListModel.h">
      <Filter>Header Files</Filter>
    </ClInclude>
    <CustomBuild Include="items\Link.h">
      <Filter>Header Files</Filter>
    </CustomBuild>
    <CustomBuild Include="items\Outlet.h">
      <Filter>Header Files</Filter>
    </CustomBuild>
    <CustomBuild Include="models\OutletObjectListModel.h">
      <Filter>Header Files</Filter>
    </CustomBuild>
    <CustomBuild Include="items\PixelView.h">
      <Filter>Header Files</Filter>
    </CustomBuild>
    <CustomBuild Include="models\QObjectListModel.h">
      <Filter>Header Files</Filter>
    </CustomBuild>
    <ClInclude Include="models\QObjectListModelAttachment.h">
      <Filter>Header Files</Filter>
    </ClInclude>
    <CustomBuild Include="models\QObjectListModelT.h">
      <Filter>Header Files</Filter>
    </CustomBuild>
    <CustomBuild Include="items\Slider.h">
      <Filter>Header Files</Filter>
    </CustomBuild>
    <CustomBuild Include="models\StringModel.h">
      <Filter>Header Files</Filter>
    </CustomBuild>
    <CustomBuild Include="items\StringObject.h">
      <Filter>Header Files</Filter>
    </CustomBuild>
    <CustomBuild Include="system\System.h">
      <Filter>Header Files</Filter>
    </CustomBuild>
    <CustomBuild Include="items\TextIO.h">
      <Filter>Header Files</Filter>
    </CustomBuild>
    <CustomBuild Include="items\UberTexture.h">
      <Filter>Header Files</Filter>
    </CustomBuild>
    <CustomBuild Include="items\Workbench.h">
      <Filter>Header Files</Filter>
    </CustomBuild>
    <CustomBuild Include="qtquick2applicationviewer\qtquick2applicationviewer.h">
      <Filter>Header Files</Filter>
    </CustomBuild>
  </ItemGroup>
  <ItemGroup>
    <None Include="images\defaultImage.png">
      <Filter>Resource Files</Filter>
    </None>
    <None Include="images\edit.png">
      <Filter>Resource Files</Filter>
    </None>
    <None Include="images\handleIcon.png">
      <Filter>Resource Files</Filter>
    </None>
    <None Include="images\ui\image.png">
      <Filter>Resource Files</Filter>
    </None>
    <None Include="images\lock.png">
      <Filter>Resource Files</Filter>
    </None>
    <None Include="images\open.png">
      <Filter>Resource Files</Filter>
    </None>
    <None Include="images\save.png">
      <Filter>Resource Files</Filter>
    </None>
    <None Include="images\ui\slider.png">
      <Filter>Resource Files</Filter>
    </None>
    <None Include="images\ui\textedit.png">
      <Filter>Resource Files</Filter>
    </None>
    <CustomBuild Include="uberquick.qrc">
      <Filter>Resource Files</Filter>
    </CustomBuild>
    <None Include="images\view.png">
      <Filter>Resource Files</Filter>
    </None>
  </ItemGroup>
</Project>