<?xml version="1.0" encoding="utf-8"?>
<Project ToolsVersion="4.0" xmlns="http://schemas.microsoft.com/developer/msbuild/2003">
  <ItemGroup>
    <Filter Include="Generated Files">
      <UniqueIdentifier>{71ED8ED8-ACB9-4CE9-BBE1-E00B30144E11}</UniqueIdentifier>
      <Extensions>cpp;c;cxx;moc;h;def;odl;idl;res;</Extensions>
    </Filter>
    <Filter Include="Generated Files">
      <UniqueIdentifier>{71ED8ED8-ACB9-4CE9-BBE1-E00B30144E11}</UniqueIdentifier>
      <Extensions>cpp;c;cxx;moc;h;def;odl;idl;res;</Extensions>
    </Filter>
    <Filter Include="Header Files">
      <UniqueIdentifier>{93995380-89BD-4b04-88EB-625FBE52EBFB}</UniqueIdentifier>
      <Extensions>h;hpp;hxx;hm;inl;inc;xsd</Extensions>
    </Filter>
    <Filter Include="Header Files">
      <UniqueIdentifier>{93995380-89BD-4b04-88EB-625FBE52EBFB}</UniqueIdentifier>
      <Extensions>h;hpp;hxx;hm;inl;inc;xsd</Extensions>
    </Filter>
    <Filter Include="Source Files">
      <UniqueIdentifier>{4FC737F1-C7A5-4376-A066-2A32D752A2FF}</UniqueIdentifier>
      <Extensions>cpp;c;cxx;def;odl;idl;hpj;bat;asm;asmx</Extensions>
    </Filter>
    <Filter Include="Source Files">
      <UniqueIdentifier>{4FC737F1-C7A5-4376-A066-2A32D752A2FF}</UniqueIdentifier>
      <Extensions>cpp;c;cxx;def;odl;idl;hpj;bat;asm;asmx</Extensions>
    </Filter>
    <Filter Include="Generated Files\Release">
      <UniqueIdentifier>{6380ca6d-0f54-44f3-b283-81542c9ebbc7}</UniqueIdentifier>
      <Extensions>cpp;moc</Extensions>
      <SourceControlFiles>False</SourceControlFiles>
    </Filter>
    <Filter Include="Generated Files\Debug">
      <UniqueIdentifier>{0c075a37-5108-41fc-a550-828d7f79f8e4}</UniqueIdentifier>
      <Extensions>cpp;moc</Extensions>
      <SourceControlFiles>False</SourceControlFiles>
    </Filter>
  </ItemGroup>
  <ItemGroup>
    <ClCompile Include="main.cpp">
      <Filter>Source Files</Filter>
    </ClCompile>
    <ClCompile Include="qtquick2applicationviewer\qtquick2applicationviewer.cpp">
      <Filter>Source Files</Filter>
    </ClCompile>
    <ClCompile Include="ubblockmodel.cpp">
      <Filter>Source Files</Filter>
    </ClCompile>
    <ClCompile Include="ubconnection.cpp">
      <Filter>Source Files</Filter>
    </ClCompile>
    <ClCompile Include="ubdockmodel.cpp">
      <Filter>Source Files</Filter>
    </ClCompile>
    <ClCompile Include="ubimage.cpp">
      <Filter>Source Files</Filter>
    </ClCompile>
    <ClCompile Include="ubinlet.cpp">
      <Filter>Source Files</Filter>
    </ClCompile>
    <ClCompile Include="uboutlet.cpp">
      <Filter>Source Files</Filter>
    </ClCompile>
    <ClCompile Include="ubsystem.cpp">
      <Filter>Source Files</Filter>
    </ClCompile>
    <ClCompile Include="ubsystemmodel.cpp">
      <Filter>Source Files</Filter>
    </ClCompile>
    <ClCompile Include="Release\moc_qtquick2applicationviewer.cpp">
      <Filter>Generated Files\Release</Filter>
    </ClCompile>
    <ClCompile Include="Debug\moc_qtquick2applicationviewer.cpp">
      <Filter>Generated Files\Debug</Filter>
    </ClCompile>
    <ClCompile Include="Release\moc_ubblockmodel.cpp">
      <Filter>Generated Files\Release</Filter>
    </ClCompile>
    <ClCompile Include="Debug\moc_ubblockmodel.cpp">
      <Filter>Generated Files\Debug</Filter>
    </ClCompile>
    <ClCompile Include="Release\moc_ubconnection.cpp">
      <Filter>Generated Files\Release</Filter>
    </ClCompile>
    <ClCompile Include="Debug\moc_ubconnection.cpp">
      <Filter>Generated Files\Debug</Filter>
    </ClCompile>
    <ClCompile Include="Release\moc_ubdockmodel.cpp">
      <Filter>Generated Files\Release</Filter>
    </ClCompile>
    <ClCompile Include="Debug\moc_ubdockmodel.cpp">
      <Filter>Generated Files\Debug</Filter>
    </ClCompile>
    <ClCompile Include="Release\moc_ubinlet.cpp">
      <Filter>Generated Files\Release</Filter>
    </ClCompile>
    <ClCompile Include="Debug\moc_ubinlet.cpp">
      <Filter>Generated Files\Debug</Filter>
    </ClCompile>
    <ClCompile Include="Release\moc_uboutlet.cpp">
      <Filter>Generated Files\Release</Filter>
    </ClCompile>
    <ClCompile Include="Debug\moc_uboutlet.cpp">
      <Filter>Generated Files\Debug</Filter>
    </ClCompile>
    <ClCompile Include="Release\moc_ubsystemmodel.cpp">
      <Filter>Generated Files\Release</Filter>
    </ClCompile>
    <ClCompile Include="Debug\moc_ubsystemmodel.cpp">
      <Filter>Generated Files\Debug</Filter>
    </ClCompile>
  </ItemGroup>
  <ItemGroup>
    <CustomBuild Include="qtquick2applicationviewer\qtquick2applicationviewer.h">
      <Filter>Header Files</Filter>
    </CustomBuild>
    <CustomBuild Include="ubblockmodel.h">
      <Filter>Header Files</Filter>
    </CustomBuild>
    <CustomBuild Include="ubconnection.h">
      <Filter>Header Files</Filter>
    </CustomBuild>
    <CustomBuild Include="ubdockmodel.h">
      <Filter>Header Files</Filter>
    </CustomBuild>
    <ClInclude Include="ubimage.h">
      <Filter>Header Files</Filter>
    </ClInclude>
    <CustomBuild Include="ubinlet.h">
      <Filter>Header Files</Filter>
    </CustomBuild>
    <CustomBuild Include="uboutlet.h">
      <Filter>Header Files</Filter>
    </CustomBuild>
    <ClInclude Include="ubsystem.h">
      <Filter>Header Files</Filter>
    </ClInclude>
    <CustomBuild Include="ubsystemmodel.h">
      <Filter>Header Files</Filter>
    </CustomBuild>
  </ItemGroup>
</Project>