
Microsoft Visual Studio Solution File, Format Version 11.00
# Visual Studio 2010
Project("{8BC9CEB8-8B4A-11D0-8D11-00A0C91BC942}") = "UberQuick", "UberQuick.vcxproj", "{556AD3B6-9980-3753-8722-ABA443359EB5}"
EndProject
Global
	GlobalSection(SolutionConfigurationPlatforms) = preSolution
		Debug|Win32 = Debug|Win32
		Release|Win32 = Release|Win32
	EndGlobalSection
	GlobalSection(ProjectConfigurationPlatforms) = postSolution
		{556AD3B6-9980-3753-8722-ABA443359EB5}.Debug|Win32.ActiveCfg = Debug|Win32
		{556AD3B6-9980-3753-8722-ABA443359EB5}.Debug|Win32.Build.0 = Debug|Win32
		{556AD3B6-9980-3753-8722-ABA443359EB5}.Release|Win32.ActiveCfg = Release|Win32
		{556AD3B6-9980-3753-8722-ABA443359EB5}.Release|Win32.Build.0 = Release|Win32
	EndGlobalSection
	GlobalSection(SolutionProperties) = preSolution
		HideSolutionNode = FALSE
	EndGlobalSection
EndGlobal
